// !$*UTF8*$!
{
	archiveVersion = 1;
	classes = {
	};
	objectVersion = 46;
	objects = {

/* Begin PBXBuildFile section */
		110C2B8390E26E15EC8C54ED /* Pods_GiphyClient.framework in Frameworks */ = {isa = PBXBuildFile; fileRef = 609C5283D8D8AE812DBD3E73 /* Pods_GiphyClient.framework */; };
		D203E9DD1F56734300460042 /* AppDelegate.swift in Sources */ = {isa = PBXBuildFile; fileRef = D203E9DC1F56734300460042 /* AppDelegate.swift */; };
		D203E9E21F56734300460042 /* Main.storyboard in Resources */ = {isa = PBXBuildFile; fileRef = D203E9E01F56734300460042 /* Main.storyboard */; };
		D203E9E71F56734300460042 /* Assets.xcassets in Resources */ = {isa = PBXBuildFile; fileRef = D203E9E61F56734300460042 /* Assets.xcassets */; };
		D203E9EA1F56734300460042 /* LaunchScreen.storyboard in Resources */ = {isa = PBXBuildFile; fileRef = D203E9E81F56734300460042 /* LaunchScreen.storyboard */; };
		D203E9F61F56786100460042 /* Gif.swift in Sources */ = {isa = PBXBuildFile; fileRef = D203E9F51F56786100460042 /* Gif.swift */; };
		D203E9F81F56799F00460042 /* GifService.swift in Sources */ = {isa = PBXBuildFile; fileRef = D203E9F71F56799F00460042 /* GifService.swift */; };
		D203E9FA1F567C5C00460042 /* GifCollectionViewController.swift in Sources */ = {isa = PBXBuildFile; fileRef = D203E9F91F567C5C00460042 /* GifCollectionViewController.swift */; };
		D24745921F5F7069009F0105 /* Services.swift in Sources */ = {isa = PBXBuildFile; fileRef = D24745911F5F7069009F0105 /* Services.swift */; };
		D25EF9891F572C3000B70C37 /* GifCollectionViewModel.swift in Sources */ = {isa = PBXBuildFile; fileRef = D25EF9881F572C3000B70C37 /* GifCollectionViewModel.swift */; };
		D25EF9911F57C25600B70C37 /* AppColors.swift in Sources */ = {isa = PBXBuildFile; fileRef = D25EF9901F57C25600B70C37 /* AppColors.swift */; };
		D25EF9961F57C50000B70C37 /* Collection.swift in Sources */ = {isa = PBXBuildFile; fileRef = D25EF9951F57C50000B70C37 /* Collection.swift */; };
		D25EF9981F57C76200B70C37 /* UIColor.swift in Sources */ = {isa = PBXBuildFile; fileRef = D25EF9971F57C76200B70C37 /* UIColor.swift */; };
		D25EF99A1F57D2C500B70C37 /* IntTransform.swift in Sources */ = {isa = PBXBuildFile; fileRef = D25EF9991F57D2C500B70C37 /* IntTransform.swift */; };
		D25EF99C1F57D47E00B70C37 /* CGFloatTransform.swift in Sources */ = {isa = PBXBuildFile; fileRef = D25EF99B1F57D47E00B70C37 /* CGFloatTransform.swift */; };
		D25EF99E1F57D7C600B70C37 /* GifCollectionViewCell.swift in Sources */ = {isa = PBXBuildFile; fileRef = D25EF99D1F57D7C600B70C37 /* GifCollectionViewCell.swift */; };
		D25EF9A01F58467C00B70C37 /* NSNumber.swift in Sources */ = {isa = PBXBuildFile; fileRef = D25EF99F1F58467C00B70C37 /* NSNumber.swift */; };
/* End PBXBuildFile section */

/* Begin PBXFileReference section */
		609C5283D8D8AE812DBD3E73 /* Pods_GiphyClient.framework */ = {isa = PBXFileReference; explicitFileType = wrapper.framework; includeInIndex = 0; path = Pods_GiphyClient.framework; sourceTree = BUILT_PRODUCTS_DIR; };
		6E1EA6173720D7847E8E1372 /* Pods-GiphyClient.debug.xcconfig */ = {isa = PBXFileReference; includeInIndex = 1; lastKnownFileType = text.xcconfig; name = "Pods-GiphyClient.debug.xcconfig"; path = "Pods/Target Support Files/Pods-GiphyClient/Pods-GiphyClient.debug.xcconfig"; sourceTree = "<group>"; };
		82567CC1313A68B45BAA0D48 /* Pods-GiphyClient.release.xcconfig */ = {isa = PBXFileReference; includeInIndex = 1; lastKnownFileType = text.xcconfig; name = "Pods-GiphyClient.release.xcconfig"; path = "Pods/Target Support Files/Pods-GiphyClient/Pods-GiphyClient.release.xcconfig"; sourceTree = "<group>"; };
		D203E9D91F56734300460042 /* GiphyClient.app */ = {isa = PBXFileReference; explicitFileType = wrapper.application; includeInIndex = 0; path = GiphyClient.app; sourceTree = BUILT_PRODUCTS_DIR; };
		D203E9DC1F56734300460042 /* AppDelegate.swift */ = {isa = PBXFileReference; lastKnownFileType = sourcecode.swift; path = AppDelegate.swift; sourceTree = "<group>"; };
		D203E9E11F56734300460042 /* Base */ = {isa = PBXFileReference; lastKnownFileType = file.storyboard; name = Base; path = Base.lproj/Main.storyboard; sourceTree = "<group>"; };
		D203E9E61F56734300460042 /* Assets.xcassets */ = {isa = PBXFileReference; lastKnownFileType = folder.assetcatalog; path = Assets.xcassets; sourceTree = "<group>"; };
		D203E9E91F56734300460042 /* Base */ = {isa = PBXFileReference; lastKnownFileType = file.storyboard; name = Base; path = Base.lproj/LaunchScreen.storyboard; sourceTree = "<group>"; };
		D203E9EB1F56734300460042 /* Info.plist */ = {isa = PBXFileReference; lastKnownFileType = text.plist.xml; path = Info.plist; sourceTree = "<group>"; };
		D203E9F51F56786100460042 /* Gif.swift */ = {isa = PBXFileReference; fileEncoding = 4; lastKnownFileType = sourcecode.swift; name = Gif.swift; path = models/Gif.swift; sourceTree = "<group>"; };
		D203E9F71F56799F00460042 /* GifService.swift */ = {isa = PBXFileReference; fileEncoding = 4; lastKnownFileType = sourcecode.swift; name = GifService.swift; path = services/GifService.swift; sourceTree = "<group>"; };
		D203E9F91F567C5C00460042 /* GifCollectionViewController.swift */ = {isa = PBXFileReference; fileEncoding = 4; lastKnownFileType = sourcecode.swift; name = GifCollectionViewController.swift; path = controllers/GifCollectionViewController.swift; sourceTree = "<group>"; };
		D24745911F5F7069009F0105 /* Services.swift */ = {isa = PBXFileReference; fileEncoding = 4; lastKnownFileType = sourcecode.swift; name = Services.swift; path = services/Services.swift; sourceTree = "<group>"; };
		D25EF9881F572C3000B70C37 /* GifCollectionViewModel.swift */ = {isa = PBXFileReference; fileEncoding = 4; lastKnownFileType = sourcecode.swift; name = GifCollectionViewModel.swift; path = "view-models/GifCollectionViewModel.swift"; sourceTree = "<group>"; };
		D25EF9901F57C25600B70C37 /* AppColors.swift */ = {isa = PBXFileReference; fileEncoding = 4; lastKnownFileType = sourcecode.swift; name = AppColors.swift; path = utils/AppColors.swift; sourceTree = "<group>"; };
		D25EF9951F57C50000B70C37 /* Collection.swift */ = {isa = PBXFileReference; fileEncoding = 4; lastKnownFileType = sourcecode.swift; name = Collection.swift; path = extensions/Collection.swift; sourceTree = "<group>"; };
		D25EF9971F57C76200B70C37 /* UIColor.swift */ = {isa = PBXFileReference; fileEncoding = 4; lastKnownFileType = sourcecode.swift; name = UIColor.swift; path = extensions/UIColor.swift; sourceTree = "<group>"; };
		D25EF9991F57D2C500B70C37 /* IntTransform.swift */ = {isa = PBXFileReference; fileEncoding = 4; lastKnownFileType = sourcecode.swift; name = IntTransform.swift; path = utils/IntTransform.swift; sourceTree = "<group>"; };
		D25EF99B1F57D47E00B70C37 /* CGFloatTransform.swift */ = {isa = PBXFileReference; fileEncoding = 4; lastKnownFileType = sourcecode.swift; name = CGFloatTransform.swift; path = utils/CGFloatTransform.swift; sourceTree = "<group>"; };
		D25EF99D1F57D7C600B70C37 /* GifCollectionViewCell.swift */ = {isa = PBXFileReference; fileEncoding = 4; lastKnownFileType = sourcecode.swift; name = GifCollectionViewCell.swift; path = views/GifCollectionViewCell.swift; sourceTree = "<group>"; };
		D25EF99F1F58467C00B70C37 /* NSNumber.swift */ = {isa = PBXFileReference; fileEncoding = 4; lastKnownFileType = sourcecode.swift; name = NSNumber.swift; path = extensions/NSNumber.swift; sourceTree = "<group>"; };
/* End PBXFileReference section */

/* Begin PBXFrameworksBuildPhase section */
		D203E9D61F56734300460042 /* Frameworks */ = {
			isa = PBXFrameworksBuildPhase;
			buildActionMask = 2147483647;
			files = (
				110C2B8390E26E15EC8C54ED /* Pods_GiphyClient.framework in Frameworks */,
			);
			runOnlyForDeploymentPostprocessing = 0;
		};
/* End PBXFrameworksBuildPhase section */

/* Begin PBXGroup section */
		4BDC256DAA14E0444C95F216 /* Frameworks */ = {
			isa = PBXGroup;
			children = (
				609C5283D8D8AE812DBD3E73 /* Pods_GiphyClient.framework */,
			);
			name = Frameworks;
			sourceTree = "<group>";
		};
		B7A749FBDFCC0EC6E959D7A8 /* Pods */ = {
			isa = PBXGroup;
			children = (
				6E1EA6173720D7847E8E1372 /* Pods-GiphyClient.debug.xcconfig */,
				82567CC1313A68B45BAA0D48 /* Pods-GiphyClient.release.xcconfig */,
			);
			name = Pods;
			sourceTree = "<group>";
		};
		D203E9D01F56734200460042 = {
			isa = PBXGroup;
			children = (
				D203E9DB1F56734300460042 /* GiphyClient */,
				D203E9DA1F56734300460042 /* Products */,
				B7A749FBDFCC0EC6E959D7A8 /* Pods */,
				4BDC256DAA14E0444C95F216 /* Frameworks */,
			);
			sourceTree = "<group>";
		};
		D203E9DA1F56734300460042 /* Products */ = {
			isa = PBXGroup;
			children = (
				D203E9D91F56734300460042 /* GiphyClient.app */,
			);
			name = Products;
			sourceTree = "<group>";
		};
		D203E9DB1F56734300460042 /* GiphyClient */ = {
			isa = PBXGroup;
			children = (
				D203E9F11F5677D500460042 /* models */,
				D25EF98C1F57B82900B70C37 /* view-models */,
				D203E9F31F5677E300460042 /* controllers */,
				D203E9F21F5677DC00460042 /* views */,
				D203E9F41F5677EC00460042 /* services */,
				D25EF9921F57C34500B70C37 /* extensions */,
				D25EF98F1F57C23D00B70C37 /* utils */,
				D203E9DC1F56734300460042 /* AppDelegate.swift */,
				D203E9E01F56734300460042 /* Main.storyboard */,
				D203E9E61F56734300460042 /* Assets.xcassets */,
				D203E9E81F56734300460042 /* LaunchScreen.storyboard */,
				D203E9EB1F56734300460042 /* Info.plist */,
			);
			path = GiphyClient;
			sourceTree = "<group>";
		};
		D203E9F11F5677D500460042 /* models */ = {
			isa = PBXGroup;
			children = (
				D203E9F51F56786100460042 /* Gif.swift */,
			);
			name = models;
			sourceTree = "<group>";
		};
		D203E9F21F5677DC00460042 /* views */ = {
			isa = PBXGroup;
			children = (
				D25EF99D1F57D7C600B70C37 /* GifCollectionViewCell.swift */,
			);
			name = views;
			sourceTree = "<group>";
		};
		D203E9F31F5677E300460042 /* controllers */ = {
			isa = PBXGroup;
			children = (
				D203E9F91F567C5C00460042 /* GifCollectionViewController.swift */,
			);
			name = controllers;
			sourceTree = "<group>";
		};
		D203E9F41F5677EC00460042 /* services */ = {
			isa = PBXGroup;
			children = (
				D203E9F71F56799F00460042 /* GifService.swift */,
				D24745911F5F7069009F0105 /* Services.swift */,
			);
			name = services;
			sourceTree = "<group>";
		};
		D25EF98C1F57B82900B70C37 /* view-models */ = {
			isa = PBXGroup;
			children = (
				D25EF9881F572C3000B70C37 /* GifCollectionViewModel.swift */,
			);
			name = "view-models";
			sourceTree = "<group>";
		};
		D25EF98F1F57C23D00B70C37 /* utils */ = {
			isa = PBXGroup;
			children = (
				D25EF9901F57C25600B70C37 /* AppColors.swift */,
				D25EF9991F57D2C500B70C37 /* IntTransform.swift */,
				D25EF99B1F57D47E00B70C37 /* CGFloatTransform.swift */,
			);
			name = utils;
			sourceTree = "<group>";
		};
		D25EF9921F57C34500B70C37 /* extensions */ = {
			isa = PBXGroup;
			children = (
				D25EF9951F57C50000B70C37 /* Collection.swift */,
				D25EF9971F57C76200B70C37 /* UIColor.swift */,
				D25EF99F1F58467C00B70C37 /* NSNumber.swift */,
			);
			name = extensions;
			sourceTree = "<group>";
		};
/* End PBXGroup section */

/* Begin PBXNativeTarget section */
		D203E9D81F56734300460042 /* GiphyClient */ = {
			isa = PBXNativeTarget;
			buildConfigurationList = D203E9EE1F56734300460042 /* Build configuration list for PBXNativeTarget "GiphyClient" */;
			buildPhases = (
				110D5088C10DC8D9CD84D132 /* [CP] Check Pods Manifest.lock */,
				D203E9D51F56734300460042 /* Sources */,
				D203E9D61F56734300460042 /* Frameworks */,
				D203E9D71F56734300460042 /* Resources */,
				337E1D156ED110E467599010 /* [CP] Embed Pods Frameworks */,
				F8044EA6C144F3C13C26DC26 /* [CP] Copy Pods Resources */,
			);
			buildRules = (
			);
			dependencies = (
			);
			name = GiphyClient;
			productName = GiphyClient;
			productReference = D203E9D91F56734300460042 /* GiphyClient.app */;
			productType = "com.apple.product-type.application";
		};
/* End PBXNativeTarget section */

/* Begin PBXProject section */
		D203E9D11F56734200460042 /* Project object */ = {
			isa = PBXProject;
			attributes = {
				LastSwiftUpdateCheck = 0830;
				LastUpgradeCheck = 0830;
				ORGANIZATIONNAME = "Scott Doerrfeld";
				TargetAttributes = {
					D203E9D81F56734300460042 = {
						CreatedOnToolsVersion = 8.3.3;
						DevelopmentTeam = AQ3XSR79XW;
						ProvisioningStyle = Automatic;
					};
				};
			};
			buildConfigurationList = D203E9D41F56734200460042 /* Build configuration list for PBXProject "GiphyClient" */;
			compatibilityVersion = "Xcode 3.2";
			developmentRegion = English;
			hasScannedForEncodings = 0;
			knownRegions = (
				en,
				Base,
			);
			mainGroup = D203E9D01F56734200460042;
			productRefGroup = D203E9DA1F56734300460042 /* Products */;
			projectDirPath = "";
			projectRoot = "";
			targets = (
				D203E9D81F56734300460042 /* GiphyClient */,
			);
		};
/* End PBXProject section */

/* Begin PBXResourcesBuildPhase section */
		D203E9D71F56734300460042 /* Resources */ = {
			isa = PBXResourcesBuildPhase;
			buildActionMask = 2147483647;
			files = (
				D203E9EA1F56734300460042 /* LaunchScreen.storyboard in Resources */,
				D203E9E71F56734300460042 /* Assets.xcassets in Resources */,
				D203E9E21F56734300460042 /* Main.storyboard in Resources */,
			);
			runOnlyForDeploymentPostprocessing = 0;
		};
/* End PBXResourcesBuildPhase section */

/* Begin PBXShellScriptBuildPhase section */
		110D5088C10DC8D9CD84D132 /* [CP] Check Pods Manifest.lock */ = {
			isa = PBXShellScriptBuildPhase;
			buildActionMask = 2147483647;
			files = (
			);
			inputPaths = (
			);
			name = "[CP] Check Pods Manifest.lock";
			outputPaths = (
			);
			runOnlyForDeploymentPostprocessing = 0;
			shellPath = /bin/sh;
			shellScript = "diff \"${PODS_ROOT}/../Podfile.lock\" \"${PODS_ROOT}/Manifest.lock\" > /dev/null\nif [ $? != 0 ] ; then\n    # print error to STDERR\n    echo \"error: The sandbox is not in sync with the Podfile.lock. Run 'pod install' or update your CocoaPods installation.\" >&2\n    exit 1\nfi\n";
			showEnvVarsInLog = 0;
		};
		337E1D156ED110E467599010 /* [CP] Embed Pods Frameworks */ = {
			isa = PBXShellScriptBuildPhase;
			buildActionMask = 2147483647;
			files = (
			);
			inputPaths = (
			);
			name = "[CP] Embed Pods Frameworks";
			outputPaths = (
			);
			runOnlyForDeploymentPostprocessing = 0;
			shellPath = /bin/sh;
			shellScript = "\"${SRCROOT}/Pods/Target Support Files/Pods-GiphyClient/Pods-GiphyClient-frameworks.sh\"\n";
			showEnvVarsInLog = 0;
		};
		F8044EA6C144F3C13C26DC26 /* [CP] Copy Pods Resources */ = {
			isa = PBXShellScriptBuildPhase;
			buildActionMask = 2147483647;
			files = (
			);
			inputPaths = (
			);
			name = "[CP] Copy Pods Resources";
			outputPaths = (
			);
			runOnlyForDeploymentPostprocessing = 0;
			shellPath = /bin/sh;
			shellScript = "\"${SRCROOT}/Pods/Target Support Files/Pods-GiphyClient/Pods-GiphyClient-resources.sh\"\n";
			showEnvVarsInLog = 0;
		};
/* End PBXShellScriptBuildPhase section */

/* Begin PBXSourcesBuildPhase section */
		D203E9D51F56734300460042 /* Sources */ = {
			isa = PBXSourcesBuildPhase;
			buildActionMask = 2147483647;
			files = (
				D24745921F5F7069009F0105 /* Services.swift in Sources */,
				D25EF9961F57C50000B70C37 /* Collection.swift in Sources */,
				D25EF9A01F58467C00B70C37 /* NSNumber.swift in Sources */,
				D25EF9891F572C3000B70C37 /* GifCollectionViewModel.swift in Sources */,
				D203E9FA1F567C5C00460042 /* GifCollectionViewController.swift in Sources */,
				D203E9DD1F56734300460042 /* AppDelegate.swift in Sources */,
				D203E9F61F56786100460042 /* Gif.swift in Sources */,
				D25EF99C1F57D47E00B70C37 /* CGFloatTransform.swift in Sources */,
				D25EF99E1F57D7C600B70C37 /* GifCollectionViewCell.swift in Sources */,
				D25EF9911F57C25600B70C37 /* AppColors.swift in Sources */,
				D203E9F81F56799F00460042 /* GifService.swift in Sources */,
				D25EF9981F57C76200B70C37 /* UIColor.swift in Sources */,
				D25EF99A1F57D2C500B70C37 /* IntTransform.swift in Sources */,
			);
			runOnlyForDeploymentPostprocessing = 0;
		};
/* End PBXSourcesBuildPhase section */

/* Begin PBXVariantGroup section */
		D203E9E01F56734300460042 /* Main.storyboard */ = {
			isa = PBXVariantGroup;
			children = (
				D203E9E11F56734300460042 /* Base */,
			);
			name = Main.storyboard;
			sourceTree = "<group>";
		};
		D203E9E81F56734300460042 /* LaunchScreen.storyboard */ = {
			isa = PBXVariantGroup;
			children = (
				D203E9E91F56734300460042 /* Base */,
			);
			name = LaunchScreen.storyboard;
			sourceTree = "<group>";
		};
/* End PBXVariantGroup section */

/* Begin XCBuildConfiguration section */
		D203E9EC1F56734300460042 /* Debug */ = {
			isa = XCBuildConfiguration;
			buildSettings = {
				ALWAYS_SEARCH_USER_PATHS = NO;
				CLANG_ANALYZER_NONNULL = YES;
				CLANG_ANALYZER_NUMBER_OBJECT_CONVERSION = YES_AGGRESSIVE;
				CLANG_CXX_LANGUAGE_STANDARD = "gnu++0x";
				CLANG_CXX_LIBRARY = "libc++";
				CLANG_ENABLE_MODULES = YES;
				CLANG_ENABLE_OBJC_ARC = YES;
				CLANG_WARN_BOOL_CONVERSION = YES;
				CLANG_WARN_CONSTANT_CONVERSION = YES;
				CLANG_WARN_DIRECT_OBJC_ISA_USAGE = YES_ERROR;
				CLANG_WARN_DOCUMENTATION_COMMENTS = YES;
				CLANG_WARN_EMPTY_BODY = YES;
				CLANG_WARN_ENUM_CONVERSION = YES;
				CLANG_WARN_INFINITE_RECURSION = YES;
				CLANG_WARN_INT_CONVERSION = YES;
				CLANG_WARN_OBJC_ROOT_CLASS = YES_ERROR;
				CLANG_WARN_SUSPICIOUS_MOVE = YES;
				CLANG_WARN_UNREACHABLE_CODE = YES;
				CLANG_WARN__DUPLICATE_METHOD_MATCH = YES;
				"CODE_SIGN_IDENTITY[sdk=iphoneos*]" = "iPhone Developer";
				COPY_PHASE_STRIP = NO;
				DEBUG_INFORMATION_FORMAT = dwarf;
				ENABLE_STRICT_OBJC_MSGSEND = YES;
				ENABLE_TESTABILITY = YES;
				GCC_C_LANGUAGE_STANDARD = gnu99;
				GCC_DYNAMIC_NO_PIC = NO;
				GCC_NO_COMMON_BLOCKS = YES;
				GCC_OPTIMIZATION_LEVEL = 0;
				GCC_PREPROCESSOR_DEFINITIONS = (
					"DEBUG=1",
					"$(inherited)",
				);
				GCC_WARN_64_TO_32_BIT_CONVERSION = YES;
				GCC_WARN_ABOUT_RETURN_TYPE = YES_ERROR;
				GCC_WARN_UNDECLARED_SELECTOR = YES;
				GCC_WARN_UNINITIALIZED_AUTOS = YES_AGGRESSIVE;
				GCC_WARN_UNUSED_FUNCTION = YES;
				GCC_WARN_UNUSED_VARIABLE = YES;
				IPHONEOS_DEPLOYMENT_TARGET = 10.3;
				MTL_ENABLE_DEBUG_INFO = YES;
				ONLY_ACTIVE_ARCH = YES;
				SDKROOT = iphoneos;
				SWIFT_ACTIVE_COMPILATION_CONDITIONS = DEBUG;
				SWIFT_OPTIMIZATION_LEVEL = "-Onone";
				TARGETED_DEVICE_FAMILY = "1,2";
			};
			name = Debug;
		};
		D203E9ED1F56734300460042 /* Release */ = {
			isa = XCBuildConfiguration;
			buildSettings = {
				ALWAYS_SEARCH_USER_PATHS = NO;
				CLANG_ANALYZER_NONNULL = YES;
				CLANG_ANALYZER_NUMBER_OBJECT_CONVERSION = YES_AGGRESSIVE;
				CLANG_CXX_LANGUAGE_STANDARD = "gnu++0x";
				CLANG_CXX_LIBRARY = "libc++";
				CLANG_ENABLE_MODULES = YES;
				CLANG_ENABLE_OBJC_ARC = YES;
				CLANG_WARN_BOOL_CONVERSION = YES;
				CLANG_WARN_CONSTANT_CONVERSION = YES;
				CLANG_WARN_DIRECT_OBJC_ISA_USAGE = YES_ERROR;
				CLANG_WARN_DOCUMENTATION_COMMENTS = YES;
				CLANG_WARN_EMPTY_BODY = YES;
				CLANG_WARN_ENUM_CONVERSION = YES;
				CLANG_WARN_INFINITE_RECURSION = YES;
				CLANG_WARN_INT_CONVERSION = YES;
				CLANG_WARN_OBJC_ROOT_CLASS = YES_ERROR;
				CLANG_WARN_SUSPICIOUS_MOVE = YES;
				CLANG_WARN_UNREACHABLE_CODE = YES;
				CLANG_WARN__DUPLICATE_METHOD_MATCH = YES;
				"CODE_SIGN_IDENTITY[sdk=iphoneos*]" = "iPhone Developer";
				COPY_PHASE_STRIP = NO;
				DEBUG_INFORMATION_FORMAT = "dwarf-with-dsym";
				ENABLE_NS_ASSERTIONS = NO;
				ENABLE_STRICT_OBJC_MSGSEND = YES;
				GCC_C_LANGUAGE_STANDARD = gnu99;
				GCC_NO_COMMON_BLOCKS = YES;
				GCC_WARN_64_TO_32_BIT_CONVERSION = YES;
				GCC_WARN_ABOUT_RETURN_TYPE = YES_ERROR;
				GCC_WARN_UNDECLARED_SELECTOR = YES;
				GCC_WARN_UNINITIALIZED_AUTOS = YES_AGGRESSIVE;
				GCC_WARN_UNUSED_FUNCTION = YES;
				GCC_WARN_UNUSED_VARIABLE = YES;
				IPHONEOS_DEPLOYMENT_TARGET = 10.3;
				MTL_ENABLE_DEBUG_INFO = NO;
				SDKROOT = iphoneos;
				SWIFT_OPTIMIZATION_LEVEL = "-Owholemodule";
				TARGETED_DEVICE_FAMILY = "1,2";
				VALIDATE_PRODUCT = YES;
			};
			name = Release;
		};
		D203E9EF1F56734300460042 /* Debug */ = {
			isa = XCBuildConfiguration;
			baseConfigurationReference = 6E1EA6173720D7847E8E1372 /* Pods-GiphyClient.debug.xcconfig */;
			buildSettings = {
				ASSETCATALOG_COMPILER_APPICON_NAME = AppIcon;
				"CODE_SIGN_IDENTITY[sdk=iphoneos*]" = "iPhone Developer";
				DEVELOPMENT_TEAM = AQ3XSR79XW;
				INFOPLIST_FILE = GiphyClient/Info.plist;
				LD_RUNPATH_SEARCH_PATHS = "$(inherited) @executable_path/Frameworks";
				PRODUCT_BUNDLE_IDENTIFIER = com.scottobot.GiphyClient;
				PRODUCT_NAME = "$(TARGET_NAME)";
				PROVISIONING_PROFILE = "";
				PROVISIONING_PROFILE_SPECIFIER = "";
				SWIFT_VERSION = 3.0;
			};
			name = Debug;
		};
		D203E9F01F56734300460042 /* Release */ = {
			isa = XCBuildConfiguration;
			baseConfigurationReference = 82567CC1313A68B45BAA0D48 /* Pods-GiphyClient.release.xcconfig */;
			buildSettings = {
				ASSETCATALOG_COMPILER_APPICON_NAME = AppIcon;
				"CODE_SIGN_IDENTITY[sdk=iphoneos*]" = "iPhone Developer";
				DEVELOPMENT_TEAM = AQ3XSR79XW;
				INFOPLIST_FILE = GiphyClient/Info.plist;
				LD_RUNPATH_SEARCH_PATHS = "$(inherited) @executable_path/Frameworks";
				PRODUCT_BUNDLE_IDENTIFIER = com.scottobot.GiphyClient;
				PRODUCT_NAME = "$(TARGET_NAME)";
				PROVISIONING_PROFILE = "";
				PROVISIONING_PROFILE_SPECIFIER = "";
				SWIFT_VERSION = 3.0;
			};
			name = Release;
		};
/* End XCBuildConfiguration section */

/* Begin XCConfigurationList section */
		D203E9D41F56734200460042 /* Build configuration list for PBXProject "GiphyClient" */ = {
			isa = XCConfigurationList;
			buildConfigurations = (
				D203E9EC1F56734300460042 /* Debug */,
				D203E9ED1F56734300460042 /* Release */,
			);
			defaultConfigurationIsVisible = 0;
			defaultConfigurationName = Release;
		};
		D203E9EE1F56734300460042 /* Build configuration list for PBXNativeTarget "GiphyClient" */ = {
			isa = XCConfigurationList;
			buildConfigurations = (
				D203E9EF1F56734300460042 /* Debug */,
				D203E9F01F56734300460042 /* Release */,
			);
			defaultConfigurationIsVisible = 0;
			defaultConfigurationName = Release;
		};
/* End XCConfigurationList section */
	};
	rootObject = D203E9D11F56734200460042 /* Project object */;
}
